// !$*UTF8*$!
{
	archiveVersion = 1;
	classes = {
	};
	objectVersion = 50;
	objects = {

/* Begin PBXBuildFile section */
		1B0DE98023AC80CB0063F05E /* SignUp_ViewController.swift in Sources */ = {isa = PBXBuildFile; fileRef = 1B0DE97F23AC80CB0063F05E /* SignUp_ViewController.swift */; };
		1B90D21523A7485C003A3B7A /* AppDelegate.swift in Sources */ = {isa = PBXBuildFile; fileRef = 1B90D21423A7485C003A3B7A /* AppDelegate.swift */; };
		1B90D21723A7485C003A3B7A /* SceneDelegate.swift in Sources */ = {isa = PBXBuildFile; fileRef = 1B90D21623A7485C003A3B7A /* SceneDelegate.swift */; };
		1B90D21923A7485C003A3B7A /* ViewController.swift in Sources */ = {isa = PBXBuildFile; fileRef = 1B90D21823A7485C003A3B7A /* ViewController.swift */; };
		1B90D21C23A7485C003A3B7A /* Main.storyboard in Resources */ = {isa = PBXBuildFile; fileRef = 1B90D21A23A7485C003A3B7A /* Main.storyboard */; };
		1B90D21F23A7485C003A3B7A /* SchussApp_iOS.xcdatamodeld in Sources */ = {isa = PBXBuildFile; fileRef = 1B90D21D23A7485C003A3B7A /* SchussApp_iOS.xcdatamodeld */; };
		1B90D22123A7485D003A3B7A /* Assets.xcassets in Resources */ = {isa = PBXBuildFile; fileRef = 1B90D22023A7485D003A3B7A /* Assets.xcassets */; };
		1B90D22423A7485D003A3B7A /* LaunchScreen.storyboard in Resources */ = {isa = PBXBuildFile; fileRef = 1B90D22223A7485D003A3B7A /* LaunchScreen.storyboard */; };
		1B90D22F23A7485D003A3B7A /* SchussApp_iOSTests.swift in Sources */ = {isa = PBXBuildFile; fileRef = 1B90D22E23A7485D003A3B7A /* SchussApp_iOSTests.swift */; };
		1B90D23A23A7485E003A3B7A /* SchussApp_iOSUITests.swift in Sources */ = {isa = PBXBuildFile; fileRef = 1B90D23923A7485E003A3B7A /* SchussApp_iOSUITests.swift */; };
		1B90D24823A7CF0E003A3B7A /* BusSignUp.swift in Sources */ = {isa = PBXBuildFile; fileRef = 1B90D24723A7CF0E003A3B7A /* BusSignUp.swift */; };
		1BDF616A23C3EC5300B9398C /* Mountains.swift in Sources */ = {isa = PBXBuildFile; fileRef = 1BDF616923C3EC5300B9398C /* Mountains.swift */; };
/* End PBXBuildFile section */

/* Begin PBXContainerItemProxy section */
		1B90D22B23A7485D003A3B7A /* PBXContainerItemProxy */ = {
			isa = PBXContainerItemProxy;
			containerPortal = 1B90D20923A7485C003A3B7A /* Project object */;
			proxyType = 1;
			remoteGlobalIDString = 1B90D21023A7485C003A3B7A;
			remoteInfo = "SchussApp-iOS";
		};
		1B90D23623A7485E003A3B7A /* PBXContainerItemProxy */ = {
			isa = PBXContainerItemProxy;
			containerPortal = 1B90D20923A7485C003A3B7A /* Project object */;
			proxyType = 1;
			remoteGlobalIDString = 1B90D21023A7485C003A3B7A;
			remoteInfo = "SchussApp-iOS";
		};
/* End PBXContainerItemProxy section */

/* Begin PBXFileReference section */
		1B0DE97F23AC80CB0063F05E /* SignUp_ViewController.swift */ = {isa = PBXFileReference; lastKnownFileType = sourcecode.swift; path = SignUp_ViewController.swift; sourceTree = "<group>"; };
		1B90D21123A7485C003A3B7A /* SchussApp-iOS.app */ = {isa = PBXFileReference; explicitFileType = wrapper.application; includeInIndex = 0; path = "SchussApp-iOS.app"; sourceTree = BUILT_PRODUCTS_DIR; };
		1B90D21423A7485C003A3B7A /* AppDelegate.swift */ = {isa = PBXFileReference; lastKnownFileType = sourcecode.swift; path = AppDelegate.swift; sourceTree = "<group>"; };
		1B90D21623A7485C003A3B7A /* SceneDelegate.swift */ = {isa = PBXFileReference; lastKnownFileType = sourcecode.swift; path = SceneDelegate.swift; sourceTree = "<group>"; };
		1B90D21823A7485C003A3B7A /* ViewController.swift */ = {isa = PBXFileReference; lastKnownFileType = sourcecode.swift; path = ViewController.swift; sourceTree = "<group>"; };
		1B90D21B23A7485C003A3B7A /* Base */ = {isa = PBXFileReference; lastKnownFileType = file.storyboard; name = Base; path = Base.lproj/Main.storyboard; sourceTree = "<group>"; };
		1B90D21E23A7485C003A3B7A /* SchussApp_iOS.xcdatamodel */ = {isa = PBXFileReference; lastKnownFileType = wrapper.xcdatamodel; path = SchussApp_iOS.xcdatamodel; sourceTree = "<group>"; };
		1B90D22023A7485D003A3B7A /* Assets.xcassets */ = {isa = PBXFileReference; lastKnownFileType = folder.assetcatalog; path = Assets.xcassets; sourceTree = "<group>"; };
		1B90D22323A7485D003A3B7A /* Base */ = {isa = PBXFileReference; lastKnownFileType = file.storyboard; name = Base; path = Base.lproj/LaunchScreen.storyboard; sourceTree = "<group>"; };
		1B90D22523A7485D003A3B7A /* Info.plist */ = {isa = PBXFileReference; lastKnownFileType = text.plist.xml; path = Info.plist; sourceTree = "<group>"; };
		1B90D22A23A7485D003A3B7A /* SchussApp-iOSTests.xctest */ = {isa = PBXFileReference; explicitFileType = wrapper.cfbundle; includeInIndex = 0; path = "SchussApp-iOSTests.xctest"; sourceTree = BUILT_PRODUCTS_DIR; };
		1B90D22E23A7485D003A3B7A /* SchussApp_iOSTests.swift */ = {isa = PBXFileReference; lastKnownFileType = sourcecode.swift; path = SchussApp_iOSTests.swift; sourceTree = "<group>"; };
		1B90D23023A7485D003A3B7A /* Info.plist */ = {isa = PBXFileReference; lastKnownFileType = text.plist.xml; path = Info.plist; sourceTree = "<group>"; };
		1B90D23523A7485E003A3B7A /* SchussApp-iOSUITests.xctest */ = {isa = PBXFileReference; explicitFileType = wrapper.cfbundle; includeInIndex = 0; path = "SchussApp-iOSUITests.xctest"; sourceTree = BUILT_PRODUCTS_DIR; };
		1B90D23923A7485E003A3B7A /* SchussApp_iOSUITests.swift */ = {isa = PBXFileReference; lastKnownFileType = sourcecode.swift; path = SchussApp_iOSUITests.swift; sourceTree = "<group>"; };
		1B90D23B23A7485E003A3B7A /* Info.plist */ = {isa = PBXFileReference; lastKnownFileType = text.plist.xml; path = Info.plist; sourceTree = "<group>"; };
		1B90D24723A7CF0E003A3B7A /* BusSignUp.swift */ = {isa = PBXFileReference; lastKnownFileType = sourcecode.swift; path = BusSignUp.swift; sourceTree = "<group>"; };
		1BDF616923C3EC5300B9398C /* Mountains.swift */ = {isa = PBXFileReference; lastKnownFileType = sourcecode.swift; path = Mountains.swift; sourceTree = "<group>"; };
/* End PBXFileReference section */

/* Begin PBXFrameworksBuildPhase section */
		1B90D20E23A7485C003A3B7A /* Frameworks */ = {
			isa = PBXFrameworksBuildPhase;
			buildActionMask = 2147483647;
			files = (
			);
			runOnlyForDeploymentPostprocessing = 0;
		};
		1B90D22723A7485D003A3B7A /* Frameworks */ = {
			isa = PBXFrameworksBuildPhase;
			buildActionMask = 2147483647;
			files = (
			);
			runOnlyForDeploymentPostprocessing = 0;
		};
		1B90D23223A7485E003A3B7A /* Frameworks */ = {
			isa = PBXFrameworksBuildPhase;
			buildActionMask = 2147483647;
			files = (
			);
			runOnlyForDeploymentPostprocessing = 0;
		};
/* End PBXFrameworksBuildPhase section */

/* Begin PBXGroup section */
		1B90D20823A7485C003A3B7A = {
			isa = PBXGroup;
			children = (
				1B90D21323A7485C003A3B7A /* SchussApp-iOS */,
				1B90D22D23A7485D003A3B7A /* SchussApp-iOSTests */,
				1B90D23823A7485E003A3B7A /* SchussApp-iOSUITests */,
				1B90D21223A7485C003A3B7A /* Products */,
			);
			sourceTree = "<group>";
		};
		1B90D21223A7485C003A3B7A /* Products */ = {
			isa = PBXGroup;
			children = (
				1B90D21123A7485C003A3B7A /* SchussApp-iOS.app */,
				1B90D22A23A7485D003A3B7A /* SchussApp-iOSTests.xctest */,
				1B90D23523A7485E003A3B7A /* SchussApp-iOSUITests.xctest */,
			);
			name = Products;
			sourceTree = "<group>";
		};
		1B90D21323A7485C003A3B7A /* SchussApp-iOS */ = {
			isa = PBXGroup;
			children = (
				1B90D21423A7485C003A3B7A /* AppDelegate.swift */,
				1B90D21623A7485C003A3B7A /* SceneDelegate.swift */,
				1B90D24723A7CF0E003A3B7A /* BusSignUp.swift */,
				1B90D21823A7485C003A3B7A /* ViewController.swift */,
				1BDF616923C3EC5300B9398C /* Mountains.swift */,
				1B90D21A23A7485C003A3B7A /* Main.storyboard */,
				1B90D22023A7485D003A3B7A /* Assets.xcassets */,
				1B90D22223A7485D003A3B7A /* LaunchScreen.storyboard */,
				1B90D22523A7485D003A3B7A /* Info.plist */,
				1B90D21D23A7485C003A3B7A /* SchussApp_iOS.xcdatamodeld */,
				1B0DE97F23AC80CB0063F05E /* SignUp_ViewController.swift */,
			);
			path = "SchussApp-iOS";
			sourceTree = "<group>";
		};
		1B90D22D23A7485D003A3B7A /* SchussApp-iOSTests */ = {
			isa = PBXGroup;
			children = (
				1B90D22E23A7485D003A3B7A /* SchussApp_iOSTests.swift */,
				1B90D23023A7485D003A3B7A /* Info.plist */,
			);
			path = "SchussApp-iOSTests";
			sourceTree = "<group>";
		};
		1B90D23823A7485E003A3B7A /* SchussApp-iOSUITests */ = {
			isa = PBXGroup;
			children = (
				1B90D23923A7485E003A3B7A /* SchussApp_iOSUITests.swift */,
				1B90D23B23A7485E003A3B7A /* Info.plist */,
			);
			path = "SchussApp-iOSUITests";
			sourceTree = "<group>";
		};
/* End PBXGroup section */

/* Begin PBXNativeTarget section */
		1B90D21023A7485C003A3B7A /* SchussApp-iOS */ = {
			isa = PBXNativeTarget;
			buildConfigurationList = 1B90D23E23A7485E003A3B7A /* Build configuration list for PBXNativeTarget "SchussApp-iOS" */;
			buildPhases = (
				1B90D20D23A7485C003A3B7A /* Sources */,
				1B90D20E23A7485C003A3B7A /* Frameworks */,
				1B90D20F23A7485C003A3B7A /* Resources */,
			);
			buildRules = (
			);
			dependencies = (
			);
			name = "SchussApp-iOS";
			packageProductDependencies = (
			);
			productName = "SchussApp-iOS";
			productReference = 1B90D21123A7485C003A3B7A /* SchussApp-iOS.app */;
			productType = "com.apple.product-type.application";
		};
		1B90D22923A7485D003A3B7A /* SchussApp-iOSTests */ = {
			isa = PBXNativeTarget;
			buildConfigurationList = 1B90D24123A7485E003A3B7A /* Build configuration list for PBXNativeTarget "SchussApp-iOSTests" */;
			buildPhases = (
				1B90D22623A7485D003A3B7A /* Sources */,
				1B90D22723A7485D003A3B7A /* Frameworks */,
				1B90D22823A7485D003A3B7A /* Resources */,
			);
			buildRules = (
			);
			dependencies = (
				1B90D22C23A7485D003A3B7A /* PBXTargetDependency */,
			);
			name = "SchussApp-iOSTests";
			productName = "SchussApp-iOSTests";
			productReference = 1B90D22A23A7485D003A3B7A /* SchussApp-iOSTests.xctest */;
			productType = "com.apple.product-type.bundle.unit-test";
		};
		1B90D23423A7485E003A3B7A /* SchussApp-iOSUITests */ = {
			isa = PBXNativeTarget;
			buildConfigurationList = 1B90D24423A7485E003A3B7A /* Build configuration list for PBXNativeTarget "SchussApp-iOSUITests" */;
			buildPhases = (
				1B90D23123A7485E003A3B7A /* Sources */,
				1B90D23223A7485E003A3B7A /* Frameworks */,
				1B90D23323A7485E003A3B7A /* Resources */,
			);
			buildRules = (
			);
			dependencies = (
				1B90D23723A7485E003A3B7A /* PBXTargetDependency */,
			);
			name = "SchussApp-iOSUITests";
			productName = "SchussApp-iOSUITests";
			productReference = 1B90D23523A7485E003A3B7A /* SchussApp-iOSUITests.xctest */;
			productType = "com.apple.product-type.bundle.ui-testing";
		};
/* End PBXNativeTarget section */

/* Begin PBXProject section */
		1B90D20923A7485C003A3B7A /* Project object */ = {
			isa = PBXProject;
			attributes = {
				LastSwiftUpdateCheck = 1130;
				LastUpgradeCheck = 1130;
				ORGANIZATIONNAME = "Schussmeisters Ski Club";
				TargetAttributes = {
					1B90D21023A7485C003A3B7A = {
						CreatedOnToolsVersion = 11.3;
					};
					1B90D22923A7485D003A3B7A = {
						CreatedOnToolsVersion = 11.3;
						TestTargetID = 1B90D21023A7485C003A3B7A;
					};
					1B90D23423A7485E003A3B7A = {
						CreatedOnToolsVersion = 11.3;
						TestTargetID = 1B90D21023A7485C003A3B7A;
					};
				};
			};
			buildConfigurationList = 1B90D20C23A7485C003A3B7A /* Build configuration list for PBXProject "SchussApp-iOS" */;
			compatibilityVersion = "Xcode 9.3";
			developmentRegion = en;
			hasScannedForEncodings = 0;
			knownRegions = (
				en,
				Base,
			);
			mainGroup = 1B90D20823A7485C003A3B7A;
			packageReferences = (
			);
			productRefGroup = 1B90D21223A7485C003A3B7A /* Products */;
			projectDirPath = "";
			projectRoot = "";
			targets = (
				1B90D21023A7485C003A3B7A /* SchussApp-iOS */,
				1B90D22923A7485D003A3B7A /* SchussApp-iOSTests */,
				1B90D23423A7485E003A3B7A /* SchussApp-iOSUITests */,
			);
		};
/* End PBXProject section */

/* Begin PBXResourcesBuildPhase section */
		1B90D20F23A7485C003A3B7A /* Resources */ = {
			isa = PBXResourcesBuildPhase;
			buildActionMask = 2147483647;
			files = (
				1B90D22423A7485D003A3B7A /* LaunchScreen.storyboard in Resources */,
				1B90D22123A7485D003A3B7A /* Assets.xcassets in Resources */,
				1B90D21C23A7485C003A3B7A /* Main.storyboard in Resources */,
			);
			runOnlyForDeploymentPostprocessing = 0;
		};
		1B90D22823A7485D003A3B7A /* Resources */ = {
			isa = PBXResourcesBuildPhase;
			buildActionMask = 2147483647;
			files = (
			);
			runOnlyForDeploymentPostprocessing = 0;
		};
		1B90D23323A7485E003A3B7A /* Resources */ = {
			isa = PBXResourcesBuildPhase;
			buildActionMask = 2147483647;
			files = (
			);
			runOnlyForDeploymentPostprocessing = 0;
		};
/* End PBXResourcesBuildPhase section */

/* Begin PBXSourcesBuildPhase section */
		1B90D20D23A7485C003A3B7A /* Sources */ = {
			isa = PBXSourcesBuildPhase;
			buildActionMask = 2147483647;
			files = (
				1BDF616A23C3EC5300B9398C /* Mountains.swift in Sources */,
				1B90D21923A7485C003A3B7A /* ViewController.swift in Sources */,
				1B90D21523A7485C003A3B7A /* AppDelegate.swift in Sources */,
				1B90D21F23A7485C003A3B7A /* SchussApp_iOS.xcdatamodeld in Sources */,
				1B90D24823A7CF0E003A3B7A /* BusSignUp.swift in Sources */,
				1B0DE98023AC80CB0063F05E /* SignUp_ViewController.swift in Sources */,
				1B90D21723A7485C003A3B7A /* SceneDelegate.swift in Sources */,
			);
			runOnlyForDeploymentPostprocessing = 0;
		};
		1B90D22623A7485D003A3B7A /* Sources */ = {
			isa = PBXSourcesBuildPhase;
			buildActionMask = 2147483647;
			files = (
				1B90D22F23A7485D003A3B7A /* SchussApp_iOSTests.swift in Sources */,
			);
			runOnlyForDeploymentPostprocessing = 0;
		};
		1B90D23123A7485E003A3B7A /* Sources */ = {
			isa = PBXSourcesBuildPhase;
			buildActionMask = 2147483647;
			files = (
				1B90D23A23A7485E003A3B7A /* SchussApp_iOSUITests.swift in Sources */,
			);
			runOnlyForDeploymentPostprocessing = 0;
		};
/* End PBXSourcesBuildPhase section */

/* Begin PBXTargetDependency section */
		1B90D22C23A7485D003A3B7A /* PBXTargetDependency */ = {
			isa = PBXTargetDependency;
			target = 1B90D21023A7485C003A3B7A /* SchussApp-iOS */;
			targetProxy = 1B90D22B23A7485D003A3B7A /* PBXContainerItemProxy */;
		};
		1B90D23723A7485E003A3B7A /* PBXTargetDependency */ = {
			isa = PBXTargetDependency;
			target = 1B90D21023A7485C003A3B7A /* SchussApp-iOS */;
			targetProxy = 1B90D23623A7485E003A3B7A /* PBXContainerItemProxy */;
		};
/* End PBXTargetDependency section */

/* Begin PBXVariantGroup section */
		1B90D21A23A7485C003A3B7A /* Main.storyboard */ = {
			isa = PBXVariantGroup;
			children = (
				1B90D21B23A7485C003A3B7A /* Base */,
			);
			name = Main.storyboard;
			sourceTree = "<group>";
		};
		1B90D22223A7485D003A3B7A /* LaunchScreen.storyboard */ = {
			isa = PBXVariantGroup;
			children = (
				1B90D22323A7485D003A3B7A /* Base */,
			);
			name = LaunchScreen.storyboard;
			sourceTree = "<group>";
		};
/* End PBXVariantGroup section */

/* Begin XCBuildConfiguration section */
		1B90D23C23A7485E003A3B7A /* Debug */ = {
			isa = XCBuildConfiguration;
			buildSettings = {
				ALWAYS_SEARCH_USER_PATHS = NO;
				CLANG_ANALYZER_NONNULL = YES;
				CLANG_ANALYZER_NUMBER_OBJECT_CONVERSION = YES_AGGRESSIVE;
				CLANG_CXX_LANGUAGE_STANDARD = "gnu++14";
				CLANG_CXX_LIBRARY = "libc++";
				CLANG_ENABLE_MODULES = YES;
				CLANG_ENABLE_OBJC_ARC = YES;
				CLANG_ENABLE_OBJC_WEAK = YES;
				CLANG_WARN_BLOCK_CAPTURE_AUTORELEASING = YES;
				CLANG_WARN_BOOL_CONVERSION = YES;
				CLANG_WARN_COMMA = YES;
				CLANG_WARN_CONSTANT_CONVERSION = YES;
				CLANG_WARN_DEPRECATED_OBJC_IMPLEMENTATIONS = YES;
				CLANG_WARN_DIRECT_OBJC_ISA_USAGE = YES_ERROR;
				CLANG_WARN_DOCUMENTATION_COMMENTS = YES;
				CLANG_WARN_EMPTY_BODY = YES;
				CLANG_WARN_ENUM_CONVERSION = YES;
				CLANG_WARN_INFINITE_RECURSION = YES;
				CLANG_WARN_INT_CONVERSION = YES;
				CLANG_WARN_NON_LITERAL_NULL_CONVERSION = YES;
				CLANG_WARN_OBJC_IMPLICIT_RETAIN_SELF = YES;
				CLANG_WARN_OBJC_LITERAL_CONVERSION = YES;
				CLANG_WARN_OBJC_ROOT_CLASS = YES_ERROR;
				CLANG_WARN_RANGE_LOOP_ANALYSIS = YES;
				CLANG_WARN_STRICT_PROTOTYPES = YES;
				CLANG_WARN_SUSPICIOUS_MOVE = YES;
				CLANG_WARN_UNGUARDED_AVAILABILITY = YES_AGGRESSIVE;
				CLANG_WARN_UNREACHABLE_CODE = YES;
				CLANG_WARN__DUPLICATE_METHOD_MATCH = YES;
				COPY_PHASE_STRIP = NO;
				DEBUG_INFORMATION_FORMAT = dwarf;
				ENABLE_STRICT_OBJC_MSGSEND = YES;
				ENABLE_TESTABILITY = YES;
				GCC_C_LANGUAGE_STANDARD = gnu11;
				GCC_DYNAMIC_NO_PIC = NO;
				GCC_NO_COMMON_BLOCKS = YES;
				GCC_OPTIMIZATION_LEVEL = 0;
				GCC_PREPROCESSOR_DEFINITIONS = (
					"DEBUG=1",
					"$(inherited)",
				);
				GCC_WARN_64_TO_32_BIT_CONVERSION = YES;
				GCC_WARN_ABOUT_RETURN_TYPE = YES_ERROR;
				GCC_WARN_UNDECLARED_SELECTOR = YES;
				GCC_WARN_UNINITIALIZED_AUTOS = YES_AGGRESSIVE;
				GCC_WARN_UNUSED_FUNCTION = YES;
				GCC_WARN_UNUSED_VARIABLE = YES;
				IPHONEOS_DEPLOYMENT_TARGET = 13.2;
				MTL_ENABLE_DEBUG_INFO = INCLUDE_SOURCE;
				MTL_FAST_MATH = YES;
				ONLY_ACTIVE_ARCH = YES;
				SDKROOT = iphoneos;
				SWIFT_ACTIVE_COMPILATION_CONDITIONS = DEBUG;
				SWIFT_OPTIMIZATION_LEVEL = "-Onone";
			};
			name = Debug;
		};
		1B90D23D23A7485E003A3B7A /* Release */ = {
			isa = XCBuildConfiguration;
			buildSettings = {
				ALWAYS_SEARCH_USER_PATHS = NO;
				CLANG_ANALYZER_NONNULL = YES;
				CLANG_ANALYZER_NUMBER_OBJECT_CONVERSION = YES_AGGRESSIVE;
				CLANG_CXX_LANGUAGE_STANDARD = "gnu++14";
				CLANG_CXX_LIBRARY = "libc++";
				CLANG_ENABLE_MODULES = YES;
				CLANG_ENABLE_OBJC_ARC = YES;
				CLANG_ENABLE_OBJC_WEAK = YES;
				CLANG_WARN_BLOCK_CAPTURE_AUTORELEASING = YES;
				CLANG_WARN_BOOL_CONVERSION = YES;
				CLANG_WARN_COMMA = YES;
				CLANG_WARN_CONSTANT_CONVERSION = YES;
				CLANG_WARN_DEPRECATED_OBJC_IMPLEMENTATIONS = YES;
				CLANG_WARN_DIRECT_OBJC_ISA_USAGE = YES_ERROR;
				CLANG_WARN_DOCUMENTATION_COMMENTS = YES;
				CLANG_WARN_EMPTY_BODY = YES;
				CLANG_WARN_ENUM_CONVERSION = YES;
				CLANG_WARN_INFINITE_RECURSION = YES;
				CLANG_WARN_INT_CONVERSION = YES;
				CLANG_WARN_NON_LITERAL_NULL_CONVERSION = YES;
				CLANG_WARN_OBJC_IMPLICIT_RETAIN_SELF = YES;
				CLANG_WARN_OBJC_LITERAL_CONVERSION = YES;
				CLANG_WARN_OBJC_ROOT_CLASS = YES_ERROR;
				CLANG_WARN_RANGE_LOOP_ANALYSIS = YES;
				CLANG_WARN_STRICT_PROTOTYPES = YES;
				CLANG_WARN_SUSPICIOUS_MOVE = YES;
				CLANG_WARN_UNGUARDED_AVAILABILITY = YES_AGGRESSIVE;
				CLANG_WARN_UNREACHABLE_CODE = YES;
				CLANG_WARN__DUPLICATE_METHOD_MATCH = YES;
				COPY_PHASE_STRIP = NO;
				DEBUG_INFORMATION_FORMAT = "dwarf-with-dsym";
				ENABLE_NS_ASSERTIONS = NO;
				ENABLE_STRICT_OBJC_MSGSEND = YES;
				GCC_C_LANGUAGE_STANDARD = gnu11;
				GCC_NO_COMMON_BLOCKS = YES;
				GCC_WARN_64_TO_32_BIT_CONVERSION = YES;
				GCC_WARN_ABOUT_RETURN_TYPE = YES_ERROR;
				GCC_WARN_UNDECLARED_SELECTOR = YES;
				GCC_WARN_UNINITIALIZED_AUTOS = YES_AGGRESSIVE;
				GCC_WARN_UNUSED_FUNCTION = YES;
				GCC_WARN_UNUSED_VARIABLE = YES;
				IPHONEOS_DEPLOYMENT_TARGET = 13.2;
				MTL_ENABLE_DEBUG_INFO = NO;
				MTL_FAST_MATH = YES;
				SDKROOT = iphoneos;
				SWIFT_COMPILATION_MODE = wholemodule;
				SWIFT_OPTIMIZATION_LEVEL = "-O";
				VALIDATE_PRODUCT = YES;
			};
			name = Release;
		};
		1B90D23F23A7485E003A3B7A /* Debug */ = {
			isa = XCBuildConfiguration;
			buildSettings = {
				ASSETCATALOG_COMPILER_APPICON_NAME = AppIcon;
				CODE_SIGN_STYLE = Automatic;
				DEVELOPMENT_TEAM = 7R3SX9X3V2;
				INFOPLIST_FILE = "SchussApp-iOS/Info.plist";
				LD_RUNPATH_SEARCH_PATHS = (
					"$(inherited)",
					"@executable_path/Frameworks",
				);
				PRODUCT_BUNDLE_IDENTIFIER = "com.schussmeisters.SchussApp-iOS";
				PRODUCT_NAME = "$(TARGET_NAME)";
				SWIFT_VERSION = 5.0;
				TARGETED_DEVICE_FAMILY = "1,2";
			};
			name = Debug;
		};
		1B90D24023A7485E003A3B7A /* Release */ = {
			isa = XCBuildConfiguration;
			buildSettings = {
				ASSETCATALOG_COMPILER_APPICON_NAME = AppIcon;
				CODE_SIGN_STYLE = Automatic;
				DEVELOPMENT_TEAM = 7R3SX9X3V2;
				INFOPLIST_FILE = "SchussApp-iOS/Info.plist";
				LD_RUNPATH_SEARCH_PATHS = (
					"$(inherited)",
					"@executable_path/Frameworks",
				);
				PRODUCT_BUNDLE_IDENTIFIER = "com.schussmeisters.SchussApp-iOS";
				PRODUCT_NAME = "$(TARGET_NAME)";
				SWIFT_VERSION = 5.0;
				TARGETED_DEVICE_FAMILY = "1,2";
			};
			name = Release;
		};
		1B90D24223A7485E003A3B7A /* Debug */ = {
			isa = XCBuildConfiguration;
			buildSettings = {
				ALWAYS_EMBED_SWIFT_STANDARD_LIBRARIES = YES;
				BUNDLE_LOADER = "$(TEST_HOST)";
				CODE_SIGN_STYLE = Automatic;
				DEVELOPMENT_TEAM = 7R3SX9X3V2;
				INFOPLIST_FILE = "SchussApp-iOSTests/Info.plist";
				IPHONEOS_DEPLOYMENT_TARGET = 13.2;
				LD_RUNPATH_SEARCH_PATHS = (
					"$(inherited)",
					"@executable_path/Frameworks",
					"@loader_path/Frameworks",
				);
				PRODUCT_BUNDLE_IDENTIFIER = "com.schussmeisters.SchussApp-iOSTests";
				PRODUCT_NAME = "$(TARGET_NAME)";
				SWIFT_VERSION = 5.0;
				TARGETED_DEVICE_FAMILY = "1,2";
				TEST_HOST = "$(BUILT_PRODUCTS_DIR)/SchussApp-iOS.app/SchussApp-iOS";
			};
			name = Debug;
		};
		1B90D24323A7485E003A3B7A /* Release */ = {
			isa = XCBuildConfiguration;
			buildSettings = {
				ALWAYS_EMBED_SWIFT_STANDARD_LIBRARIES = YES;
				BUNDLE_LOADER = "$(TEST_HOST)";
				CODE_SIGN_STYLE = Automatic;
				DEVELOPMENT_TEAM = 7R3SX9X3V2;
				INFOPLIST_FILE = "SchussApp-iOSTests/Info.plist";
				IPHONEOS_DEPLOYMENT_TARGET = 13.2;
				LD_RUNPATH_SEARCH_PATHS = (
					"$(inherited)",
					"@executable_path/Frameworks",
					"@loader_path/Frameworks",
				);
				PRODUCT_BUNDLE_IDENTIFIER = "com.schussmeisters.SchussApp-iOSTests";
				PRODUCT_NAME = "$(TARGET_NAME)";
				SWIFT_VERSION = 5.0;
				TARGETED_DEVICE_FAMILY = "1,2";
				TEST_HOST = "$(BUILT_PRODUCTS_DIR)/SchussApp-iOS.app/SchussApp-iOS";
			};
			name = Release;
		};
		1B90D24523A7485E003A3B7A /* Debug */ = {
			isa = XCBuildConfiguration;
			buildSettings = {
				ALWAYS_EMBED_SWIFT_STANDARD_LIBRARIES = YES;
				CODE_SIGN_STYLE = Automatic;
				DEVELOPMENT_TEAM = 7R3SX9X3V2;
				INFOPLIST_FILE = "SchussApp-iOSUITests/Info.plist";
				LD_RUNPATH_SEARCH_PATHS = (
					"$(inherited)",
					"@executable_path/Frameworks",
					"@loader_path/Frameworks",
				);
				PRODUCT_BUNDLE_IDENTIFIER = "com.schussmeisters.SchussApp-iOSUITests";
				PRODUCT_NAME = "$(TARGET_NAME)";
				SWIFT_VERSION = 5.0;
				TARGETED_DEVICE_FAMILY = "1,2";
				TEST_TARGET_NAME = "SchussApp-iOS";
			};
			name = Debug;
		};
		1B90D24623A7485E003A3B7A /* Release */ = {
			isa = XCBuildConfiguration;
			buildSettings = {
				ALWAYS_EMBED_SWIFT_STANDARD_LIBRARIES = YES;
				CODE_SIGN_STYLE = Automatic;
				DEVELOPMENT_TEAM = 7R3SX9X3V2;
				INFOPLIST_FILE = "SchussApp-iOSUITests/Info.plist";
				LD_RUNPATH_SEARCH_PATHS = (
					"$(inherited)",
					"@executable_path/Frameworks",
					"@loader_path/Frameworks",
				);
				PRODUCT_BUNDLE_IDENTIFIER = "com.schussmeisters.SchussApp-iOSUITests";
				PRODUCT_NAME = "$(TARGET_NAME)";
				SWIFT_VERSION = 5.0;
				TARGETED_DEVICE_FAMILY = "1,2";
				TEST_TARGET_NAME = "SchussApp-iOS";
			};
			name = Release;
		};
/* End XCBuildConfiguration section */

/* Begin XCConfigurationList section */
		1B90D20C23A7485C003A3B7A /* Build configuration list for PBXProject "SchussApp-iOS" */ = {
			isa = XCConfigurationList;
			buildConfigurations = (
				1B90D23C23A7485E003A3B7A /* Debug */,
				1B90D23D23A7485E003A3B7A /* Release */,
			);
			defaultConfigurationIsVisible = 0;
			defaultConfigurationName = Release;
		};
		1B90D23E23A7485E003A3B7A /* Build configuration list for PBXNativeTarget "SchussApp-iOS" */ = {
			isa = XCConfigurationList;
			buildConfigurations = (
				1B90D23F23A7485E003A3B7A /* Debug */,
				1B90D24023A7485E003A3B7A /* Release */,
			);
			defaultConfigurationIsVisible = 0;
			defaultConfigurationName = Release;
		};
		1B90D24123A7485E003A3B7A /* Build configuration list for PBXNativeTarget "SchussApp-iOSTests" */ = {
			isa = XCConfigurationList;
			buildConfigurations = (
				1B90D24223A7485E003A3B7A /* Debug */,
				1B90D24323A7485E003A3B7A /* Release */,
			);
			defaultConfigurationIsVisible = 0;
			defaultConfigurationName = Release;
		};
		1B90D24423A7485E003A3B7A /* Build configuration list for PBXNativeTarget "SchussApp-iOSUITests" */ = {
			isa = XCConfigurationList;
			buildConfigurations = (
				1B90D24523A7485E003A3B7A /* Debug */,
				1B90D24623A7485E003A3B7A /* Release */,
			);
			defaultConfigurationIsVisible = 0;
			defaultConfigurationName = Release;
		};
/* End XCConfigurationList section */

/* Begin XCVersionGroup section */
		1B90D21D23A7485C003A3B7A /* SchussApp_iOS.xcdatamodeld */ = {
			isa = XCVersionGroup;
			children = (
				1B90D21E23A7485C003A3B7A /* SchussApp_iOS.xcdatamodel */,
			);
			currentVersion = 1B90D21E23A7485C003A3B7A /* SchussApp_iOS.xcdatamodel */;
			path = SchussApp_iOS.xcdatamodeld;
			sourceTree = "<group>";
			versionGroupType = wrapper.xcdatamodel;
		};
/* End XCVersionGroup section */
	};
	rootObject = 1B90D20923A7485C003A3B7A /* Project object */;
}
